// !$*UTF8*$!
{
	archiveVersion = 1;
	classes = {
	};
	objectVersion = 50;
	objects = {

/* Begin PBXBuildFile section */
		8478BF592558EE61009EDB82 /* AppDelegate.swift in Sources */ = {isa = PBXBuildFile; fileRef = 8478BF582558EE61009EDB82 /* AppDelegate.swift */; };
		8478BF5B2558EE61009EDB82 /* SceneDelegate.swift in Sources */ = {isa = PBXBuildFile; fileRef = 8478BF5A2558EE61009EDB82 /* SceneDelegate.swift */; };
		8478BF5D2558EE61009EDB82 /* ViewController.swift in Sources */ = {isa = PBXBuildFile; fileRef = 8478BF5C2558EE61009EDB82 /* ViewController.swift */; };
		8478BF602558EE61009EDB82 /* Main.storyboard in Resources */ = {isa = PBXBuildFile; fileRef = 8478BF5E2558EE61009EDB82 /* Main.storyboard */; };
		8478BF622558EE65009EDB82 /* Assets.xcassets in Resources */ = {isa = PBXBuildFile; fileRef = 8478BF612558EE65009EDB82 /* Assets.xcassets */; };
		8478BF652558EE65009EDB82 /* LaunchScreen.storyboard in Resources */ = {isa = PBXBuildFile; fileRef = 8478BF632558EE65009EDB82 /* LaunchScreen.storyboard */; };
		8478BF702558EE65009EDB82 /* Auto_layoutTests.swift in Sources */ = {isa = PBXBuildFile; fileRef = 8478BF6F2558EE65009EDB82 /* Auto_layoutTests.swift */; };
		8478BF7B2558EE65009EDB82 /* Auto_layoutUITests.swift in Sources */ = {isa = PBXBuildFile; fileRef = 8478BF7A2558EE65009EDB82 /* Auto_layoutUITests.swift */; };
/* End PBXBuildFile section */

/* Begin PBXContainerItemProxy section */
		8478BF6C2558EE65009EDB82 /* PBXContainerItemProxy */ = {
			isa = PBXContainerItemProxy;
			containerPortal = 8478BF4D2558EE61009EDB82 /* Project object */;
			proxyType = 1;
			remoteGlobalIDString = 8478BF542558EE61009EDB82;
			remoteInfo = "Auto layout";
		};
		8478BF772558EE65009EDB82 /* PBXContainerItemProxy */ = {
			isa = PBXContainerItemProxy;
			containerPortal = 8478BF4D2558EE61009EDB82 /* Project object */;
			proxyType = 1;
			remoteGlobalIDString = 8478BF542558EE61009EDB82;
			remoteInfo = "Auto layout";
		};
/* End PBXContainerItemProxy section */

/* Begin PBXFileReference section */
		8478BF552558EE61009EDB82 /* Auto layout.app */ = {isa = PBXFileReference; explicitFileType = wrapper.application; includeInIndex = 0; path = "Auto layout.app"; sourceTree = BUILT_PRODUCTS_DIR; };
		8478BF582558EE61009EDB82 /* AppDelegate.swift */ = {isa = PBXFileReference; lastKnownFileType = sourcecode.swift; path = AppDelegate.swift; sourceTree = "<group>"; };
		8478BF5A2558EE61009EDB82 /* SceneDelegate.swift */ = {isa = PBXFileReference; lastKnownFileType = sourcecode.swift; path = SceneDelegate.swift; sourceTree = "<group>"; };
		8478BF5C2558EE61009EDB82 /* ViewController.swift */ = {isa = PBXFileReference; lastKnownFileType = sourcecode.swift; path = ViewController.swift; sourceTree = "<group>"; };
		8478BF5F2558EE61009EDB82 /* Base */ = {isa = PBXFileReference; lastKnownFileType = file.storyboard; name = Base; path = Base.lproj/Main.storyboard; sourceTree = "<group>"; };
		8478BF612558EE65009EDB82 /* Assets.xcassets */ = {isa = PBXFileReference; lastKnownFileType = folder.assetcatalog; path = Assets.xcassets; sourceTree = "<group>"; };
		8478BF642558EE65009EDB82 /* Base */ = {isa = PBXFileReference; lastKnownFileType = file.storyboard; name = Base; path = Base.lproj/LaunchScreen.storyboard; sourceTree = "<group>"; };
		8478BF662558EE65009EDB82 /* Info.plist */ = {isa = PBXFileReference; lastKnownFileType = text.plist.xml; path = Info.plist; sourceTree = "<group>"; };
		8478BF6B2558EE65009EDB82 /* Auto layoutTests.xctest */ = {isa = PBXFileReference; explicitFileType = wrapper.cfbundle; includeInIndex = 0; path = "Auto layoutTests.xctest"; sourceTree = BUILT_PRODUCTS_DIR; };
		8478BF6F2558EE65009EDB82 /* Auto_layoutTests.swift */ = {isa = PBXFileReference; lastKnownFileType = sourcecode.swift; path = Auto_layoutTests.swift; sourceTree = "<group>"; };
		8478BF712558EE65009EDB82 /* Info.plist */ = {isa = PBXFileReference; lastKnownFileType = text.plist.xml; path = Info.plist; sourceTree = "<group>"; };
		8478BF762558EE65009EDB82 /* Auto layoutUITests.xctest */ = {isa = PBXFileReference; explicitFileType = wrapper.cfbundle; includeInIndex = 0; path = "Auto layoutUITests.xctest"; sourceTree = BUILT_PRODUCTS_DIR; };
		8478BF7A2558EE65009EDB82 /* Auto_layoutUITests.swift */ = {isa = PBXFileReference; lastKnownFileType = sourcecode.swift; path = Auto_layoutUITests.swift; sourceTree = "<group>"; };
		8478BF7C2558EE65009EDB82 /* Info.plist */ = {isa = PBXFileReference; lastKnownFileType = text.plist.xml; path = Info.plist; sourceTree = "<group>"; };
/* End PBXFileReference section */

/* Begin PBXFrameworksBuildPhase section */
		8478BF522558EE61009EDB82 /* Frameworks */ = {
			isa = PBXFrameworksBuildPhase;
			buildActionMask = 2147483647;
			files = (
			);
			runOnlyForDeploymentPostprocessing = 0;
		};
		8478BF682558EE65009EDB82 /* Frameworks */ = {
			isa = PBXFrameworksBuildPhase;
			buildActionMask = 2147483647;
			files = (
			);
			runOnlyForDeploymentPostprocessing = 0;
		};
		8478BF732558EE65009EDB82 /* Frameworks */ = {
			isa = PBXFrameworksBuildPhase;
			buildActionMask = 2147483647;
			files = (
			);
			runOnlyForDeploymentPostprocessing = 0;
		};
/* End PBXFrameworksBuildPhase section */

/* Begin PBXGroup section */
		8478BF4C2558EE61009EDB82 = {
			isa = PBXGroup;
			children = (
				8478BF572558EE61009EDB82 /* Auto layout */,
				8478BF6E2558EE65009EDB82 /* Auto layoutTests */,
				8478BF792558EE65009EDB82 /* Auto layoutUITests */,
				8478BF562558EE61009EDB82 /* Products */,
			);
			sourceTree = "<group>";
		};
		8478BF562558EE61009EDB82 /* Products */ = {
			isa = PBXGroup;
			children = (
				8478BF552558EE61009EDB82 /* Auto layout.app */,
				8478BF6B2558EE65009EDB82 /* Auto layoutTests.xctest */,
				8478BF762558EE65009EDB82 /* Auto layoutUITests.xctest */,
			);
			name = Products;
			sourceTree = "<group>";
		};
		8478BF572558EE61009EDB82 /* Auto layout */ = {
			isa = PBXGroup;
			children = (
				8478BF582558EE61009EDB82 /* AppDelegate.swift */,
				8478BF5A2558EE61009EDB82 /* SceneDelegate.swift */,
				8478BF5C2558EE61009EDB82 /* ViewController.swift */,
				8478BF5E2558EE61009EDB82 /* Main.storyboard */,
				8478BF612558EE65009EDB82 /* Assets.xcassets */,
				8478BF632558EE65009EDB82 /* LaunchScreen.storyboard */,
				8478BF662558EE65009EDB82 /* Info.plist */,
			);
			path = "Auto layout";
			sourceTree = "<group>";
		};
		8478BF6E2558EE65009EDB82 /* Auto layoutTests */ = {
			isa = PBXGroup;
			children = (
				8478BF6F2558EE65009EDB82 /* Auto_layoutTests.swift */,
				8478BF712558EE65009EDB82 /* Info.plist */,
			);
			path = "Auto layoutTests";
			sourceTree = "<group>";
		};
		8478BF792558EE65009EDB82 /* Auto layoutUITests */ = {
			isa = PBXGroup;
			children = (
				8478BF7A2558EE65009EDB82 /* Auto_layoutUITests.swift */,
				8478BF7C2558EE65009EDB82 /* Info.plist */,
			);
			path = "Auto layoutUITests";
			sourceTree = "<group>";
		};
/* End PBXGroup section */

/* Begin PBXNativeTarget section */
		8478BF542558EE61009EDB82 /* Auto layout */ = {
			isa = PBXNativeTarget;
			buildConfigurationList = 8478BF7F2558EE65009EDB82 /* Build configuration list for PBXNativeTarget "Auto layout" */;
			buildPhases = (
				8478BF512558EE61009EDB82 /* Sources */,
				8478BF522558EE61009EDB82 /* Frameworks */,
				8478BF532558EE61009EDB82 /* Resources */,
			);
			buildRules = (
			);
			dependencies = (
			);
			name = "Auto layout";
			productName = "Auto layout";
			productReference = 8478BF552558EE61009EDB82 /* Auto layout.app */;
			productType = "com.apple.product-type.application";
		};
		8478BF6A2558EE65009EDB82 /* Auto layoutTests */ = {
			isa = PBXNativeTarget;
			buildConfigurationList = 8478BF822558EE65009EDB82 /* Build configuration list for PBXNativeTarget "Auto layoutTests" */;
			buildPhases = (
				8478BF672558EE65009EDB82 /* Sources */,
				8478BF682558EE65009EDB82 /* Frameworks */,
				8478BF692558EE65009EDB82 /* Resources */,
			);
			buildRules = (
			);
			dependencies = (
				8478BF6D2558EE65009EDB82 /* PBXTargetDependency */,
			);
			name = "Auto layoutTests";
			productName = "Auto layoutTests";
			productReference = 8478BF6B2558EE65009EDB82 /* Auto layoutTests.xctest */;
			productType = "com.apple.product-type.bundle.unit-test";
		};
		8478BF752558EE65009EDB82 /* Auto layoutUITests */ = {
			isa = PBXNativeTarget;
			buildConfigurationList = 8478BF852558EE65009EDB82 /* Build configuration list for PBXNativeTarget "Auto layoutUITests" */;
			buildPhases = (
				8478BF722558EE65009EDB82 /* Sources */,
				8478BF732558EE65009EDB82 /* Frameworks */,
				8478BF742558EE65009EDB82 /* Resources */,
			);
			buildRules = (
			);
			dependencies = (
				8478BF782558EE65009EDB82 /* PBXTargetDependency */,
			);
			name = "Auto layoutUITests";
			productName = "Auto layoutUITests";
			productReference = 8478BF762558EE65009EDB82 /* Auto layoutUITests.xctest */;
			productType = "com.apple.product-type.bundle.ui-testing";
		};
/* End PBXNativeTarget section */

/* Begin PBXProject section */
		8478BF4D2558EE61009EDB82 /* Project object */ = {
			isa = PBXProject;
			attributes = {
				LastSwiftUpdateCheck = 1210;
				LastUpgradeCheck = 1210;
				TargetAttributes = {
					8478BF542558EE61009EDB82 = {
						CreatedOnToolsVersion = 12.1;
					};
					8478BF6A2558EE65009EDB82 = {
						CreatedOnToolsVersion = 12.1;
						TestTargetID = 8478BF542558EE61009EDB82;
					};
					8478BF752558EE65009EDB82 = {
						CreatedOnToolsVersion = 12.1;
						TestTargetID = 8478BF542558EE61009EDB82;
					};
				};
			};
			buildConfigurationList = 8478BF502558EE61009EDB82 /* Build configuration list for PBXProject "Auto layout" */;
			compatibilityVersion = "Xcode 9.3";
			developmentRegion = en;
			hasScannedForEncodings = 0;
			knownRegions = (
				en,
				Base,
			);
			mainGroup = 8478BF4C2558EE61009EDB82;
			productRefGroup = 8478BF562558EE61009EDB82 /* Products */;
			projectDirPath = "";
			projectRoot = "";
			targets = (
				8478BF542558EE61009EDB82 /* Auto layout */,
				8478BF6A2558EE65009EDB82 /* Auto layoutTests */,
				8478BF752558EE65009EDB82 /* Auto layoutUITests */,
			);
		};
/* End PBXProject section */

/* Begin PBXResourcesBuildPhase section */
		8478BF532558EE61009EDB82 /* Resources */ = {
			isa = PBXResourcesBuildPhase;
			buildActionMask = 2147483647;
			files = (
				8478BF652558EE65009EDB82 /* LaunchScreen.storyboard in Resources */,
				8478BF622558EE65009EDB82 /* Assets.xcassets in Resources */,
				8478BF602558EE61009EDB82 /* Main.storyboard in Resources */,
			);
			runOnlyForDeploymentPostprocessing = 0;
		};
		8478BF692558EE65009EDB82 /* Resources */ = {
			isa = PBXResourcesBuildPhase;
			buildActionMask = 2147483647;
			files = (
			);
			runOnlyForDeploymentPostprocessing = 0;
		};
		8478BF742558EE65009EDB82 /* Resources */ = {
			isa = PBXResourcesBuildPhase;
			buildActionMask = 2147483647;
			files = (
			);
			runOnlyForDeploymentPostprocessing = 0;
		};
/* End PBXResourcesBuildPhase section */

/* Begin PBXSourcesBuildPhase section */
		8478BF512558EE61009EDB82 /* Sources */ = {
			isa = PBXSourcesBuildPhase;
			buildActionMask = 2147483647;
			files = (
				8478BF5D2558EE61009EDB82 /* ViewController.swift in Sources */,
				8478BF592558EE61009EDB82 /* AppDelegate.swift in Sources */,
				8478BF5B2558EE61009EDB82 /* SceneDelegate.swift in Sources */,
			);
			runOnlyForDeploymentPostprocessing = 0;
		};
		8478BF672558EE65009EDB82 /* Sources */ = {
			isa = PBXSourcesBuildPhase;
			buildActionMask = 2147483647;
			files = (
				8478BF702558EE65009EDB82 /* Auto_layoutTests.swift in Sources */,
			);
			runOnlyForDeploymentPostprocessing = 0;
		};
		8478BF722558EE65009EDB82 /* Sources */ = {
			isa = PBXSourcesBuildPhase;
			buildActionMask = 2147483647;
			files = (
				8478BF7B2558EE65009EDB82 /* Auto_layoutUITests.swift in Sources */,
			);
			runOnlyForDeploymentPostprocessing = 0;
		};
/* End PBXSourcesBuildPhase section */

/* Begin PBXTargetDependency section */
		8478BF6D2558EE65009EDB82 /* PBXTargetDependency */ = {
			isa = PBXTargetDependency;
			target = 8478BF542558EE61009EDB82 /* Auto layout */;
			targetProxy = 8478BF6C2558EE65009EDB82 /* PBXContainerItemProxy */;
		};
		8478BF782558EE65009EDB82 /* PBXTargetDependency */ = {
			isa = PBXTargetDependency;
			target = 8478BF542558EE61009EDB82 /* Auto layout */;
			targetProxy = 8478BF772558EE65009EDB82 /* PBXContainerItemProxy */;
		};
/* End PBXTargetDependency section */

/* Begin PBXVariantGroup section */
		8478BF5E2558EE61009EDB82 /* Main.storyboard */ = {
			isa = PBXVariantGroup;
			children = (
				8478BF5F2558EE61009EDB82 /* Base */,
			);
			name = Main.storyboard;
			sourceTree = "<group>";
		};
		8478BF632558EE65009EDB82 /* LaunchScreen.storyboard */ = {
			isa = PBXVariantGroup;
			children = (
				8478BF642558EE65009EDB82 /* Base */,
			);
			name = LaunchScreen.storyboard;
			sourceTree = "<group>";
		};
/* End PBXVariantGroup section */

/* Begin XCBuildConfiguration section */
		8478BF7D2558EE65009EDB82 /* Debug */ = {
			isa = XCBuildConfiguration;
			buildSettings = {
				ALWAYS_SEARCH_USER_PATHS = NO;
				CLANG_ANALYZER_NONNULL = YES;
				CLANG_ANALYZER_NUMBER_OBJECT_CONVERSION = YES_AGGRESSIVE;
				CLANG_CXX_LANGUAGE_STANDARD = "gnu++14";
				CLANG_CXX_LIBRARY = "libc++";
				CLANG_ENABLE_MODULES = YES;
				CLANG_ENABLE_OBJC_ARC = YES;
				CLANG_ENABLE_OBJC_WEAK = YES;
				CLANG_WARN_BLOCK_CAPTURE_AUTORELEASING = YES;
				CLANG_WARN_BOOL_CONVERSION = YES;
				CLANG_WARN_COMMA = YES;
				CLANG_WARN_CONSTANT_CONVERSION = YES;
				CLANG_WARN_DEPRECATED_OBJC_IMPLEMENTATIONS = YES;
				CLANG_WARN_DIRECT_OBJC_ISA_USAGE = YES_ERROR;
				CLANG_WARN_DOCUMENTATION_COMMENTS = YES;
				CLANG_WARN_EMPTY_BODY = YES;
				CLANG_WARN_ENUM_CONVERSION = YES;
				CLANG_WARN_INFINITE_RECURSION = YES;
				CLANG_WARN_INT_CONVERSION = YES;
				CLANG_WARN_NON_LITERAL_NULL_CONVERSION = YES;
				CLANG_WARN_OBJC_IMPLICIT_RETAIN_SELF = YES;
				CLANG_WARN_OBJC_LITERAL_CONVERSION = YES;
				CLANG_WARN_OBJC_ROOT_CLASS = YES_ERROR;
				CLANG_WARN_QUOTED_INCLUDE_IN_FRAMEWORK_HEADER = YES;
				CLANG_WARN_RANGE_LOOP_ANALYSIS = YES;
				CLANG_WARN_STRICT_PROTOTYPES = YES;
				CLANG_WARN_SUSPICIOUS_MOVE = YES;
				CLANG_WARN_UNGUARDED_AVAILABILITY = YES_AGGRESSIVE;
				CLANG_WARN_UNREACHABLE_CODE = YES;
				CLANG_WARN__DUPLICATE_METHOD_MATCH = YES;
				COPY_PHASE_STRIP = NO;
				DEBUG_INFORMATION_FORMAT = dwarf;
				ENABLE_STRICT_OBJC_MSGSEND = YES;
				ENABLE_TESTABILITY = YES;
				GCC_C_LANGUAGE_STANDARD = gnu11;
				GCC_DYNAMIC_NO_PIC = NO;
				GCC_NO_COMMON_BLOCKS = YES;
				GCC_OPTIMIZATION_LEVEL = 0;
				GCC_PREPROCESSOR_DEFINITIONS = (
					"DEBUG=1",
					"$(inherited)",
				);
				GCC_WARN_64_TO_32_BIT_CONVERSION = YES;
				GCC_WARN_ABOUT_RETURN_TYPE = YES_ERROR;
				GCC_WARN_UNDECLARED_SELECTOR = YES;
				GCC_WARN_UNINITIALIZED_AUTOS = YES_AGGRESSIVE;
				GCC_WARN_UNUSED_FUNCTION = YES;
				GCC_WARN_UNUSED_VARIABLE = YES;
				IPHONEOS_DEPLOYMENT_TARGET = 14.1;
				MTL_ENABLE_DEBUG_INFO = INCLUDE_SOURCE;
				MTL_FAST_MATH = YES;
				ONLY_ACTIVE_ARCH = YES;
				SDKROOT = iphoneos;
				SWIFT_ACTIVE_COMPILATION_CONDITIONS = DEBUG;
				SWIFT_OPTIMIZATION_LEVEL = "-Onone";
			};
			name = Debug;
		};
		8478BF7E2558EE65009EDB82 /* Release */ = {
			isa = XCBuildConfiguration;
			buildSettings = {
				ALWAYS_SEARCH_USER_PATHS = NO;
				CLANG_ANALYZER_NONNULL = YES;
				CLANG_ANALYZER_NUMBER_OBJECT_CONVERSION = YES_AGGRESSIVE;
				CLANG_CXX_LANGUAGE_STANDARD = "gnu++14";
				CLANG_CXX_LIBRARY = "libc++";
				CLANG_ENABLE_MODULES = YES;
				CLANG_ENABLE_OBJC_ARC = YES;
				CLANG_ENABLE_OBJC_WEAK = YES;
				CLANG_WARN_BLOCK_CAPTURE_AUTORELEASING = YES;
				CLANG_WARN_BOOL_CONVERSION = YES;
				CLANG_WARN_COMMA = YES;
				CLANG_WARN_CONSTANT_CONVERSION = YES;
				CLANG_WARN_DEPRECATED_OBJC_IMPLEMENTATIONS = YES;
				CLANG_WARN_DIRECT_OBJC_ISA_USAGE = YES_ERROR;
				CLANG_WARN_DOCUMENTATION_COMMENTS = YES;
				CLANG_WARN_EMPTY_BODY = YES;
				CLANG_WARN_ENUM_CONVERSION = YES;
				CLANG_WARN_INFINITE_RECURSION = YES;
				CLANG_WARN_INT_CONVERSION = YES;
				CLANG_WARN_NON_LITERAL_NULL_CONVERSION = YES;
				CLANG_WARN_OBJC_IMPLICIT_RETAIN_SELF = YES;
				CLANG_WARN_OBJC_LITERAL_CONVERSION = YES;
				CLANG_WARN_OBJC_ROOT_CLASS = YES_ERROR;
				CLANG_WARN_QUOTED_INCLUDE_IN_FRAMEWORK_HEADER = YES;
				CLANG_WARN_RANGE_LOOP_ANALYSIS = YES;
				CLANG_WARN_STRICT_PROTOTYPES = YES;
				CLANG_WARN_SUSPICIOUS_MOVE = YES;
				CLANG_WARN_UNGUARDED_AVAILABILITY = YES_AGGRESSIVE;
				CLANG_WARN_UNREACHABLE_CODE = YES;
				CLANG_WARN__DUPLICATE_METHOD_MATCH = YES;
				COPY_PHASE_STRIP = NO;
				DEBUG_INFORMATION_FORMAT = "dwarf-with-dsym";
				ENABLE_NS_ASSERTIONS = NO;
				ENABLE_STRICT_OBJC_MSGSEND = YES;
				GCC_C_LANGUAGE_STANDARD = gnu11;
				GCC_NO_COMMON_BLOCKS = YES;
				GCC_WARN_64_TO_32_BIT_CONVERSION = YES;
				GCC_WARN_ABOUT_RETURN_TYPE = YES_ERROR;
				GCC_WARN_UNDECLARED_SELECTOR = YES;
				GCC_WARN_UNINITIALIZED_AUTOS = YES_AGGRESSIVE;
				GCC_WARN_UNUSED_FUNCTION = YES;
				GCC_WARN_UNUSED_VARIABLE = YES;
				IPHONEOS_DEPLOYMENT_TARGET = 14.1;
				MTL_ENABLE_DEBUG_INFO = NO;
				MTL_FAST_MATH = YES;
				SDKROOT = iphoneos;
				SWIFT_COMPILATION_MODE = wholemodule;
				SWIFT_OPTIMIZATION_LEVEL = "-O";
				VALIDATE_PRODUCT = YES;
			};
			name = Release;
		};
		8478BF802558EE65009EDB82 /* Debug */ = {
			isa = XCBuildConfiguration;
			buildSettings = {
				ASSETCATALOG_COMPILER_APPICON_NAME = AppIcon;
				ASSETCATALOG_COMPILER_GLOBAL_ACCENT_COLOR_NAME = AccentColor;
				CODE_SIGN_STYLE = Automatic;
				INFOPLIST_FILE = "Auto layout/Info.plist";
				LD_RUNPATH_SEARCH_PATHS = (
					"$(inherited)",
					"@executable_path/Frameworks",
				);
				PRODUCT_BUNDLE_IDENTIFIER = "RPL-A.Auto-layout";
				PRODUCT_NAME = "$(TARGET_NAME)";
				SWIFT_VERSION = 5.0;
				TARGETED_DEVICE_FAMILY = "1,2";
			};
			name = Debug;
		};
		8478BF812558EE65009EDB82 /* Release */ = {
			isa = XCBuildConfiguration;
			buildSettings = {
				ASSETCATALOG_COMPILER_APPICON_NAME = AppIcon;
				ASSETCATALOG_COMPILER_GLOBAL_ACCENT_COLOR_NAME = AccentColor;
				CODE_SIGN_STYLE = Automatic;
				INFOPLIST_FILE = "Auto layout/Info.plist";
				LD_RUNPATH_SEARCH_PATHS = (
					"$(inherited)",
					"@executable_path/Frameworks",
				);
				PRODUCT_BUNDLE_IDENTIFIER = "RPL-A.Auto-layout";
				PRODUCT_NAME = "$(TARGET_NAME)";
				SWIFT_VERSION = 5.0;
				TARGETED_DEVICE_FAMILY = "1,2";
			};
			name = Release;
		};
		8478BF832558EE65009EDB82 /* Debug */ = {
			isa = XCBuildConfiguration;
			buildSettings = {
				ALWAYS_EMBED_SWIFT_STANDARD_LIBRARIES = YES;
				BUNDLE_LOADER = "$(TEST_HOST)";
				CODE_SIGN_STYLE = Automatic;
				INFOPLIST_FILE = "Auto layoutTests/Info.plist";
				IPHONEOS_DEPLOYMENT_TARGET = 14.1;
				LD_RUNPATH_SEARCH_PATHS = (
					"$(inherited)",
					"@executable_path/Frameworks",
					"@loader_path/Frameworks",
				);
				PRODUCT_BUNDLE_IDENTIFIER = "RPL-A.Auto-layoutTests";
				PRODUCT_NAME = "$(TARGET_NAME)";
				SWIFT_VERSION = 5.0;
				TARGETED_DEVICE_FAMILY = "1,2";
				TEST_HOST = "$(BUILT_PRODUCTS_DIR)/Auto layout.app/Auto layout";
			};
			name = Debug;
		};
		8478BF842558EE65009EDB82 /* Release */ = {
			isa = XCBuildConfiguration;
			buildSettings = {
				ALWAYS_EMBED_SWIFT_STANDARD_LIBRARIES = YES;
				BUNDLE_LOADER = "$(TEST_HOST)";
				CODE_SIGN_STYLE = Automatic;
				INFOPLIST_FILE = "Auto layoutTests/Info.plist";
				IPHONEOS_DEPLOYMENT_TARGET = 14.1;
				LD_RUNPATH_SEARCH_PATHS = (
					"$(inherited)",
					"@executable_path/Frameworks",
					"@loader_path/Frameworks",
				);
				PRODUCT_BUNDLE_IDENTIFIER = "RPL-A.Auto-layoutTests";
				PRODUCT_NAME = "$(TARGET_NAME)";
				SWIFT_VERSION = 5.0;
				TARGETED_DEVICE_FAMILY = "1,2";
				TEST_HOST = "$(BUILT_PRODUCTS_DIR)/Auto layout.app/Auto layout";
			};
			name = Release;
		};
		8478BF862558EE65009EDB82 /* Debug */ = {
			isa = XCBuildConfiguration;
			buildSettings = {
				ALWAYS_EMBED_SWIFT_STANDARD_LIBRARIES = YES;
				CODE_SIGN_STYLE = Automatic;
				INFOPLIST_FILE = "Auto layoutUITests/Info.plist";
				LD_RUNPATH_SEARCH_PATHS = (
					"$(inherited)",
					"@executable_path/Frameworks",
					"@loader_path/Frameworks",
				);
				PRODUCT_BUNDLE_IDENTIFIER = "RPL-A.Auto-layoutUITests";
				PRODUCT_NAME = "$(TARGET_NAME)";
				SWIFT_VERSION = 5.0;
				TARGETED_DEVICE_FAMILY = "1,2";
				TEST_TARGET_NAME = "Auto layout";
			};
			name = Debug;
		};
		8478BF872558EE65009EDB82 /* Release */ = {
			isa = XCBuildConfiguration;
			buildSettings = {
				ALWAYS_EMBED_SWIFT_STANDARD_LIBRARIES = YES;
				CODE_SIGN_STYLE = Automatic;
				INFOPLIST_FILE = "Auto layoutUITests/Info.plist";
				LD_RUNPATH_SEARCH_PATHS = (
					"$(inherited)",
					"@executable_path/Frameworks",
					"@loader_path/Frameworks",
				);
				PRODUCT_BUNDLE_IDENTIFIER = "RPL-A.Auto-layoutUITests";
				PRODUCT_NAME = "$(TARGET_NAME)";
				SWIFT_VERSION = 5.0;
				TARGETED_DEVICE_FAMILY = "1,2";
				TEST_TARGET_NAME = "Auto layout";
			};
			name = Release;
		};
/* End XCBuildConfiguration section */

/* Begin XCConfigurationList section */
		8478BF502558EE61009EDB82 /* Build configuration list for PBXProject "Auto layout" */ = {
			isa = XCConfigurationList;
			buildConfigurations = (
				8478BF7D2558EE65009EDB82 /* Debug */,
				8478BF7E2558EE65009EDB82 /* Release */,
			);
			defaultConfigurationIsVisible = 0;
			defaultConfigurationName = Release;
		};
		8478BF7F2558EE65009EDB82 /* Build configuration list for PBXNativeTarget "Auto layout" */ = {
			isa = XCConfigurationList;
			buildConfigurations = (
				8478BF802558EE65009EDB82 /* Debug */,
				8478BF812558EE65009EDB82 /* Release */,
			);
			defaultConfigurationIsVisible = 0;
			defaultConfigurationName = Release;
		};
		8478BF822558EE65009EDB82 /* Build configuration list for PBXNativeTarget "Auto layoutTests" */ = {
			isa = XCConfigurationList;
			buildConfigurations = (
				8478BF832558EE65009EDB82 /* Debug */,
				8478BF842558EE65009EDB82 /* Release */,
			);
			defaultConfigurationIsVisible = 0;
			defaultConfigurationName = Release;
		};
		8478BF852558EE65009EDB82 /* Build configuration list for PBXNativeTarget "Auto layoutUITests" */ = {
			isa = XCConfigurationList;
			buildConfigurations = (
				8478BF862558EE65009EDB82 /* Debug */,
				8478BF872558EE65009EDB82 /* Release */,
			);
			defaultConfigurationIsVisible = 0;
			defaultConfigurationName = Release;
		};
/* End XCConfigurationList section */
	};
	rootObject = 8478BF4D2558EE61009EDB82 /* Project object */;
}
